// !$*UTF8*$!
{
	archiveVersion = 1;
	classes = {
	};
	objectVersion = 46;
	objects = {

/* Begin PBXBuildFile section */
		E97B3D661D76B4A50016AAF3 /* main.m in Sources */ = {isa = PBXBuildFile; fileRef = E97B3D651D76B4A50016AAF3 /* main.m */; };
		E97B3D691D76B4A50016AAF3 /* AppDelegate.m in Sources */ = {isa = PBXBuildFile; fileRef = E97B3D681D76B4A50016AAF3 /* AppDelegate.m */; };
		E97B3D6F1D76B4A50016AAF3 /* Main.storyboard in Resources */ = {isa = PBXBuildFile; fileRef = E97B3D6D1D76B4A50016AAF3 /* Main.storyboard */; };
		E97B3D711D76B4A50016AAF3 /* Assets.xcassets in Resources */ = {isa = PBXBuildFile; fileRef = E97B3D701D76B4A50016AAF3 /* Assets.xcassets */; };
		E97B3D741D76B4A50016AAF3 /* LaunchScreen.storyboard in Resources */ = {isa = PBXBuildFile; fileRef = E97B3D721D76B4A50016AAF3 /* LaunchScreen.storyboard */; };
		E97B3D7F1D76B4A50016AAF3 /* AXABeaconSDKTests.m in Sources */ = {isa = PBXBuildFile; fileRef = E97B3D7E1D76B4A50016AAF3 /* AXABeaconSDKTests.m */; };
		E97B3D8E1D76CC120016AAF3 /* BLEViewController.m in Sources */ = {isa = PBXBuildFile; fileRef = E97B3D8D1D76CC120016AAF3 /* BLEViewController.m */; };
		E97B3D911D76CC1E0016AAF3 /* ConfigViewController.m in Sources */ = {isa = PBXBuildFile; fileRef = E97B3D901D76CC1E0016AAF3 /* ConfigViewController.m */; };
		E97B3D941D76CC2C0016AAF3 /* IBeaconViewController.m in Sources */ = {isa = PBXBuildFile; fileRef = E97B3D931D76CC2C0016AAF3 /* IBeaconViewController.m */; };
		E97B3D971D76D3AD0016AAF3 /* DetailViewController.m in Sources */ = {isa = PBXBuildFile; fileRef = E97B3D961D76D3AD0016AAF3 /* DetailViewController.m */; };
		E97B3D9A1D76D4140016AAF3 /* BeaconModel.m in Sources */ = {isa = PBXBuildFile; fileRef = E97B3D991D76D4140016AAF3 /* BeaconModel.m */; };
		E996ED311D7969FC002FF28A /* AXAIBeaconSDK.framework in Frameworks */ = {isa = PBXBuildFile; fileRef = E996ED301D7969FC002FF28A /* AXAIBeaconSDK.framework */; };
/* End PBXBuildFile section */

/* Begin PBXContainerItemProxy section */
		E97B3D7B1D76B4A50016AAF3 /* PBXContainerItemProxy */ = {
			isa = PBXContainerItemProxy;
			containerPortal = E97B3D591D76B4A50016AAF3 /* Project object */;
			proxyType = 1;
			remoteGlobalIDString = E97B3D601D76B4A50016AAF3;
			remoteInfo = AXABeaconSDK;
		};
/* End PBXContainerItemProxy section */

/* Begin PBXFileReference section */
		E97B3D611D76B4A50016AAF3 /* AXABeaconSDK.app */ = {isa = PBXFileReference; explicitFileType = wrapper.application; includeInIndex = 0; path = AXABeaconSDK.app; sourceTree = BUILT_PRODUCTS_DIR; };
		E97B3D651D76B4A50016AAF3 /* main.m */ = {isa = PBXFileReference; lastKnownFileType = sourcecode.c.objc; path = main.m; sourceTree = "<group>"; };
		E97B3D671D76B4A50016AAF3 /* AppDelegate.h */ = {isa = PBXFileReference; lastKnownFileType = sourcecode.c.h; path = AppDelegate.h; sourceTree = "<group>"; };
		E97B3D681D76B4A50016AAF3 /* AppDelegate.m */ = {isa = PBXFileReference; lastKnownFileType = sourcecode.c.objc; path = AppDelegate.m; sourceTree = "<group>"; };
		E97B3D6E1D76B4A50016AAF3 /* Base */ = {isa = PBXFileReference; lastKnownFileType = file.storyboard; name = Base; path = Base.lproj/Main.storyboard; sourceTree = "<group>"; };
		E97B3D701D76B4A50016AAF3 /* Assets.xcassets */ = {isa = PBXFileReference; lastKnownFileType = folder.assetcatalog; path = Assets.xcassets; sourceTree = "<group>"; };
		E97B3D731D76B4A50016AAF3 /* Base */ = {isa = PBXFileReference; lastKnownFileType = file.storyboard; name = Base; path = Base.lproj/LaunchScreen.storyboard; sourceTree = "<group>"; };
		E97B3D751D76B4A50016AAF3 /* Info.plist */ = {isa = PBXFileReference; lastKnownFileType = text.plist.xml; path = Info.plist; sourceTree = "<group>"; };
		E97B3D7A1D76B4A50016AAF3 /* AXABeaconSDKTests.xctest */ = {isa = PBXFileReference; explicitFileType = wrapper.cfbundle; includeInIndex = 0; path = AXABeaconSDKTests.xctest; sourceTree = BUILT_PRODUCTS_DIR; };
		E97B3D7E1D76B4A50016AAF3 /* AXABeaconSDKTests.m */ = {isa = PBXFileReference; lastKnownFileType = sourcecode.c.objc; path = AXABeaconSDKTests.m; sourceTree = "<group>"; };
		E97B3D801D76B4A50016AAF3 /* Info.plist */ = {isa = PBXFileReference; lastKnownFileType = text.plist.xml; path = Info.plist; sourceTree = "<group>"; };
		E97B3D8C1D76CC120016AAF3 /* BLEViewController.h */ = {isa = PBXFileReference; fileEncoding = 4; lastKnownFileType = sourcecode.c.h; path = BLEViewController.h; sourceTree = "<group>"; };
		E97B3D8D1D76CC120016AAF3 /* BLEViewController.m */ = {isa = PBXFileReference; fileEncoding = 4; lastKnownFileType = sourcecode.c.objc; path = BLEViewController.m; sourceTree = "<group>"; };
		E97B3D8F1D76CC1E0016AAF3 /* ConfigViewController.h */ = {isa = PBXFileReference; fileEncoding = 4; lastKnownFileType = sourcecode.c.h; path = ConfigViewController.h; sourceTree = "<group>"; };
		E97B3D901D76CC1E0016AAF3 /* ConfigViewController.m */ = {isa = PBXFileReference; fileEncoding = 4; lastKnownFileType = sourcecode.c.objc; path = ConfigViewController.m; sourceTree = "<group>"; };
		E97B3D921D76CC2C0016AAF3 /* IBeaconViewController.h */ = {isa = PBXFileReference; fileEncoding = 4; lastKnownFileType = sourcecode.c.h; path = IBeaconViewController.h; sourceTree = "<group>"; };
		E97B3D931D76CC2C0016AAF3 /* IBeaconViewController.m */ = {isa = PBXFileReference; fileEncoding = 4; lastKnownFileType = sourcecode.c.objc; path = IBeaconViewController.m; sourceTree = "<group>"; };
		E97B3D951D76D3AD0016AAF3 /* DetailViewController.h */ = {isa = PBXFileReference; fileEncoding = 4; lastKnownFileType = sourcecode.c.h; path = DetailViewController.h; sourceTree = "<group>"; };
		E97B3D961D76D3AD0016AAF3 /* DetailViewController.m */ = {isa = PBXFileReference; fileEncoding = 4; lastKnownFileType = sourcecode.c.objc; path = DetailViewController.m; sourceTree = "<group>"; };
		E97B3D981D76D4140016AAF3 /* BeaconModel.h */ = {isa = PBXFileReference; fileEncoding = 4; lastKnownFileType = sourcecode.c.h; path = BeaconModel.h; sourceTree = "<group>"; };
		E97B3D991D76D4140016AAF3 /* BeaconModel.m */ = {isa = PBXFileReference; fileEncoding = 4; lastKnownFileType = sourcecode.c.objc; path = BeaconModel.m; sourceTree = "<group>"; };
		E996ED301D7969FC002FF28A /* AXAIBeaconSDK.framework */ = {isa = PBXFileReference; lastKnownFileType = wrapper.framework; path = AXAIBeaconSDK.framework; sourceTree = "<group>"; };
/* End PBXFileReference section */

/* Begin PBXFrameworksBuildPhase section */
		E97B3D5E1D76B4A50016AAF3 /* Frameworks */ = {
			isa = PBXFrameworksBuildPhase;
			buildActionMask = 2147483647;
			files = (
				E996ED311D7969FC002FF28A /* AXAIBeaconSDK.framework in Frameworks */,
			);
			runOnlyForDeploymentPostprocessing = 0;
		};
		E97B3D771D76B4A50016AAF3 /* Frameworks */ = {
			isa = PBXFrameworksBuildPhase;
			buildActionMask = 2147483647;
			files = (
			);
			runOnlyForDeploymentPostprocessing = 0;
		};
/* End PBXFrameworksBuildPhase section */

/* Begin PBXGroup section */
		E97B3D581D76B4A50016AAF3 = {
			isa = PBXGroup;
			children = (
				E996ED301D7969FC002FF28A /* AXAIBeaconSDK.framework */,
				E97B3D631D76B4A50016AAF3 /* AXABeaconSDK */,
				E97B3D7D1D76B4A50016AAF3 /* AXABeaconSDKTests */,
				E97B3D621D76B4A50016AAF3 /* Products */,
			);
			sourceTree = "<group>";
		};
		E97B3D621D76B4A50016AAF3 /* Products */ = {
			isa = PBXGroup;
			children = (
				E97B3D611D76B4A50016AAF3 /* AXABeaconSDK.app */,
				E97B3D7A1D76B4A50016AAF3 /* AXABeaconSDKTests.xctest */,
			);
			name = Products;
			sourceTree = "<group>";
		};
		E97B3D631D76B4A50016AAF3 /* AXABeaconSDK */ = {
			isa = PBXGroup;
			children = (
				E97B3D671D76B4A50016AAF3 /* AppDelegate.h */,
				E97B3D681D76B4A50016AAF3 /* AppDelegate.m */,
				E97B3D8C1D76CC120016AAF3 /* BLEViewController.h */,
				E97B3D8D1D76CC120016AAF3 /* BLEViewController.m */,
				E97B3D951D76D3AD0016AAF3 /* DetailViewController.h */,
				E97B3D961D76D3AD0016AAF3 /* DetailViewController.m */,
				E97B3D8F1D76CC1E0016AAF3 /* ConfigViewController.h */,
				E97B3D901D76CC1E0016AAF3 /* ConfigViewController.m */,
				E97B3D921D76CC2C0016AAF3 /* IBeaconViewController.h */,
				E97B3D931D76CC2C0016AAF3 /* IBeaconViewController.m */,
				E97B3D981D76D4140016AAF3 /* BeaconModel.h */,
				E97B3D991D76D4140016AAF3 /* BeaconModel.m */,
				E97B3D6D1D76B4A50016AAF3 /* Main.storyboard */,
				E97B3D701D76B4A50016AAF3 /* Assets.xcassets */,
				E97B3D721D76B4A50016AAF3 /* LaunchScreen.storyboard */,
				E97B3D751D76B4A50016AAF3 /* Info.plist */,
				E97B3D641D76B4A50016AAF3 /* Supporting Files */,
			);
			path = AXABeaconSDK;
			sourceTree = "<group>";
		};
		E97B3D641D76B4A50016AAF3 /* Supporting Files */ = {
			isa = PBXGroup;
			children = (
				E97B3D651D76B4A50016AAF3 /* main.m */,
			);
			name = "Supporting Files";
			sourceTree = "<group>";
		};
		E97B3D7D1D76B4A50016AAF3 /* AXABeaconSDKTests */ = {
			isa = PBXGroup;
			children = (
				E97B3D7E1D76B4A50016AAF3 /* AXABeaconSDKTests.m */,
				E97B3D801D76B4A50016AAF3 /* Info.plist */,
			);
			path = AXABeaconSDKTests;
			sourceTree = "<group>";
		};
/* End PBXGroup section */

/* Begin PBXNativeTarget section */
		E97B3D601D76B4A50016AAF3 /* AXABeaconSDK */ = {
			isa = PBXNativeTarget;
			buildConfigurationList = E97B3D831D76B4A50016AAF3 /* Build configuration list for PBXNativeTarget "AXABeaconSDK" */;
			buildPhases = (
				E97B3D5D1D76B4A50016AAF3 /* Sources */,
				E97B3D5E1D76B4A50016AAF3 /* Frameworks */,
				E97B3D5F1D76B4A50016AAF3 /* Resources */,
			);
			buildRules = (
			);
			dependencies = (
			);
			name = AXABeaconSDK;
			productName = AXABeaconSDK;
			productReference = E97B3D611D76B4A50016AAF3 /* AXABeaconSDK.app */;
			productType = "com.apple.product-type.application";
		};
		E97B3D791D76B4A50016AAF3 /* AXABeaconSDKTests */ = {
			isa = PBXNativeTarget;
			buildConfigurationList = E97B3D861D76B4A50016AAF3 /* Build configuration list for PBXNativeTarget "AXABeaconSDKTests" */;
			buildPhases = (
				E97B3D761D76B4A50016AAF3 /* Sources */,
				E97B3D771D76B4A50016AAF3 /* Frameworks */,
				E97B3D781D76B4A50016AAF3 /* Resources */,
			);
			buildRules = (
			);
			dependencies = (
				E97B3D7C1D76B4A50016AAF3 /* PBXTargetDependency */,
			);
			name = AXABeaconSDKTests;
			productName = AXABeaconSDKTests;
			productReference = E97B3D7A1D76B4A50016AAF3 /* AXABeaconSDKTests.xctest */;
			productType = "com.apple.product-type.bundle.unit-test";
		};
/* End PBXNativeTarget section */

/* Begin PBXProject section */
		E97B3D591D76B4A50016AAF3 /* Project object */ = {
			isa = PBXProject;
			attributes = {
				LastUpgradeCheck = 0730;
				ORGANIZATIONNAME = axaet;
				TargetAttributes = {
					E97B3D601D76B4A50016AAF3 = {
						CreatedOnToolsVersion = 7.3.1;
					};
					E97B3D791D76B4A50016AAF3 = {
						CreatedOnToolsVersion = 7.3.1;
						TestTargetID = E97B3D601D76B4A50016AAF3;
					};
				};
			};
			buildConfigurationList = E97B3D5C1D76B4A50016AAF3 /* Build configuration list for PBXProject "AXABeaconSDK" */;
			compatibilityVersion = "Xcode 3.2";
			developmentRegion = English;
			hasScannedForEncodings = 0;
			knownRegions = (
				en,
				Base,
			);
			mainGroup = E97B3D581D76B4A50016AAF3;
			productRefGroup = E97B3D621D76B4A50016AAF3 /* Products */;
			projectDirPath = "";
			projectRoot = "";
			targets = (
				E97B3D601D76B4A50016AAF3 /* AXABeaconSDK */,
				E97B3D791D76B4A50016AAF3 /* AXABeaconSDKTests */,
			);
		};
/* End PBXProject section */

/* Begin PBXResourcesBuildPhase section */
		E97B3D5F1D76B4A50016AAF3 /* Resources */ = {
			isa = PBXResourcesBuildPhase;
			buildActionMask = 2147483647;
			files = (
				E97B3D741D76B4A50016AAF3 /* LaunchScreen.storyboard in Resources */,
				E97B3D711D76B4A50016AAF3 /* Assets.xcassets in Resources */,
				E97B3D6F1D76B4A50016AAF3 /* Main.storyboard in Resources */,
			);
			runOnlyForDeploymentPostprocessing = 0;
		};
		E97B3D781D76B4A50016AAF3 /* Resources */ = {
			isa = PBXResourcesBuildPhase;
			buildActionMask = 2147483647;
			files = (
			);
			runOnlyForDeploymentPostprocessing = 0;
		};
/* End PBXResourcesBuildPhase section */

/* Begin PBXSourcesBuildPhase section */
		E97B3D5D1D76B4A50016AAF3 /* Sources */ = {
			isa = PBXSourcesBuildPhase;
			buildActionMask = 2147483647;
			files = (
				E97B3D8E1D76CC120016AAF3 /* BLEViewController.m in Sources */,
				E97B3D9A1D76D4140016AAF3 /* BeaconModel.m in Sources */,
				E97B3D911D76CC1E0016AAF3 /* ConfigViewController.m in Sources */,
				E97B3D971D76D3AD0016AAF3 /* DetailViewController.m in Sources */,
				E97B3D691D76B4A50016AAF3 /* AppDelegate.m in Sources */,
				E97B3D941D76CC2C0016AAF3 /* IBeaconViewController.m in Sources */,
				E97B3D661D76B4A50016AAF3 /* main.m in Sources */,
			);
			runOnlyForDeploymentPostprocessing = 0;
		};
		E97B3D761D76B4A50016AAF3 /* Sources */ = {
			isa = PBXSourcesBuildPhase;
			buildActionMask = 2147483647;
			files = (
				E97B3D7F1D76B4A50016AAF3 /* AXABeaconSDKTests.m in Sources */,
			);
			runOnlyForDeploymentPostprocessing = 0;
		};
/* End PBXSourcesBuildPhase section */

/* Begin PBXTargetDependency section */
		E97B3D7C1D76B4A50016AAF3 /* PBXTargetDependency */ = {
			isa = PBXTargetDependency;
			target = E97B3D601D76B4A50016AAF3 /* AXABeaconSDK */;
			targetProxy = E97B3D7B1D76B4A50016AAF3 /* PBXContainerItemProxy */;
		};
/* End PBXTargetDependency section */

/* Begin PBXVariantGroup section */
		E97B3D6D1D76B4A50016AAF3 /* Main.storyboard */ = {
			isa = PBXVariantGroup;
			children = (
				E97B3D6E1D76B4A50016AAF3 /* Base */,
			);
			name = Main.storyboard;
			sourceTree = "<group>";
		};
		E97B3D721D76B4A50016AAF3 /* LaunchScreen.storyboard */ = {
			isa = PBXVariantGroup;
			children = (
				E97B3D731D76B4A50016AAF3 /* Base */,
			);
			name = LaunchScreen.storyboard;
			sourceTree = "<group>";
		};
/* End PBXVariantGroup section */

/* Begin XCBuildConfiguration section */
		E97B3D811D76B4A50016AAF3 /* Debug */ = {
			isa = XCBuildConfiguration;
			buildSettings = {
				ALWAYS_SEARCH_USER_PATHS = NO;
				CLANG_ANALYZER_NONNULL = YES;
				CLANG_CXX_LANGUAGE_STANDARD = "gnu++0x";
				CLANG_CXX_LIBRARY = "libc++";
				CLANG_ENABLE_MODULES = YES;
				CLANG_ENABLE_OBJC_ARC = YES;
				CLANG_WARN_BOOL_CONVERSION = YES;
				CLANG_WARN_CONSTANT_CONVERSION = YES;
				CLANG_WARN_DIRECT_OBJC_ISA_USAGE = YES_ERROR;
				CLANG_WARN_EMPTY_BODY = YES;
				CLANG_WARN_ENUM_CONVERSION = YES;
				CLANG_WARN_INT_CONVERSION = YES;
				CLANG_WARN_OBJC_ROOT_CLASS = YES_ERROR;
				CLANG_WARN_UNREACHABLE_CODE = YES;
				CLANG_WARN__DUPLICATE_METHOD_MATCH = YES;
				"CODE_SIGN_IDENTITY[sdk=iphoneos*]" = "iPhone Developer";
				COPY_PHASE_STRIP = NO;
				DEBUG_INFORMATION_FORMAT = dwarf;
				ENABLE_STRICT_OBJC_MSGSEND = YES;
				ENABLE_TESTABILITY = YES;
				GCC_C_LANGUAGE_STANDARD = gnu99;
				GCC_DYNAMIC_NO_PIC = NO;
				GCC_NO_COMMON_BLOCKS = YES;
				GCC_OPTIMIZATION_LEVEL = 0;
				GCC_PREPROCESSOR_DEFINITIONS = (
					"DEBUG=1",
					"$(inherited)",
				);
				GCC_WARN_64_TO_32_BIT_CONVERSION = YES;
				GCC_WARN_ABOUT_RETURN_TYPE = YES_ERROR;
				GCC_WARN_UNDECLARED_SELECTOR = YES;
				GCC_WARN_UNINITIALIZED_AUTOS = YES_AGGRESSIVE;
				GCC_WARN_UNUSED_FUNCTION = YES;
				GCC_WARN_UNUSED_VARIABLE = YES;
				IPHONEOS_DEPLOYMENT_TARGET = 7.0;
				MTL_ENABLE_DEBUG_INFO = YES;
				ONLY_ACTIVE_ARCH = YES;
				SDKROOT = iphoneos;
			};
			name = Debug;
		};
		E97B3D821D76B4A50016AAF3 /* Release */ = {
			isa = XCBuildConfiguration;
			buildSettings = {
				ALWAYS_SEARCH_USER_PATHS = NO;
				CLANG_ANALYZER_NONNULL = YES;
				CLANG_CXX_LANGUAGE_STANDARD = "gnu++0x";
				CLANG_CXX_LIBRARY = "libc++";
				CLANG_ENABLE_MODULES = YES;
				CLANG_ENABLE_OBJC_ARC = YES;
				CLANG_WARN_BOOL_CONVERSION = YES;
				CLANG_WARN_CONSTANT_CONVERSION = YES;
				CLANG_WARN_DIRECT_OBJC_ISA_USAGE = YES_ERROR;
				CLANG_WARN_EMPTY_BODY = YES;
				CLANG_WARN_ENUM_CONVERSION = YES;
				CLANG_WARN_INT_CONVERSION = YES;
				CLANG_WARN_OBJC_ROOT_CLASS = YES_ERROR;
				CLANG_WARN_UNREACHABLE_CODE = YES;
				CLANG_WARN__DUPLICATE_METHOD_MATCH = YES;
				"CODE_SIGN_IDENTITY[sdk=iphoneos*]" = "iPhone Developer";
				COPY_PHASE_STRIP = NO;
				DEBUG_INFORMATION_FORMAT = "dwarf-with-dsym";
				ENABLE_NS_ASSERTIONS = NO;
				ENABLE_STRICT_OBJC_MSGSEND = YES;
				GCC_C_LANGUAGE_STANDARD = gnu99;
				GCC_NO_COMMON_BLOCKS = YES;
				GCC_WARN_64_TO_32_BIT_CONVERSION = YES;
				GCC_WARN_ABOUT_RETURN_TYPE = YES_ERROR;
				GCC_WARN_UNDECLARED_SELECTOR = YES;
				GCC_WARN_UNINITIALIZED_AUTOS = YES_AGGRESSIVE;
				GCC_WARN_UNUSED_FUNCTION = YES;
				GCC_WARN_UNUSED_VARIABLE = YES;
				IPHONEOS_DEPLOYMENT_TARGET = 7.0;
				MTL_ENABLE_DEBUG_INFO = NO;
				SDKROOT = iphoneos;
				VALIDATE_PRODUCT = YES;
			};
			name = Release;
		};
		E97B3D841D76B4A50016AAF3 /* Debug */ = {
			isa = XCBuildConfiguration;
			buildSettings = {
				ASSETCATALOG_COMPILER_APPICON_NAME = AppIcon;
				ENABLE_BITCODE = YES;
				FRAMEWORK_SEARCH_PATHS = (
					"$(inherited)",
					"$(PROJECT_DIR)/AXABeaconSDK",
					"$(PROJECT_DIR)",
				);
				INFOPLIST_FILE = AXABeaconSDK/Info.plist;
				LD_RUNPATH_SEARCH_PATHS = "$(inherited) @executable_path/Frameworks";
				LIBRARY_SEARCH_PATHS = "";
				PRODUCT_BUNDLE_IDENTIFIER = com.axaet.AXABeaconSDK;
				PRODUCT_NAME = "$(TARGET_NAME)";
			};
			name = Debug;
		};
		E97B3D851D76B4A50016AAF3 /* Release */ = {
			isa = XCBuildConfiguration;
			buildSettings = {
				ASSETCATALOG_COMPILER_APPICON_NAME = AppIcon;
				ENABLE_BITCODE = YES;
				FRAMEWORK_SEARCH_PATHS = (
					"$(inherited)",
					"$(PROJECT_DIR)/AXABeaconSDK",
					"$(PROJECT_DIR)",
				);
				INFOPLIST_FILE = AXABeaconSDK/Info.plist;
				LD_RUNPATH_SEARCH_PATHS = "$(inherited) @executable_path/Frameworks";
				LIBRARY_SEARCH_PATHS = "";
				PRODUCT_BUNDLE_IDENTIFIER = com.axaet.AXABeaconSDK;
				PRODUCT_NAME = "$(TARGET_NAME)";
			};
			name = Release;
		};
		E97B3D871D76B4A50016AAF3 /* Debug */ = {
			isa = XCBuildConfiguration;
			buildSettings = {
				BUNDLE_LOADER = "$(TEST_HOST)";
				INFOPLIST_FILE = AXABeaconSDKTests/Info.plist;
				LD_RUNPATH_SEARCH_PATHS = "$(inherited) @executable_path/Frameworks @loader_path/Frameworks";
				PRODUCT_BUNDLE_IDENTIFIER = com.axaet.AXABeaconSDKTests;
				PRODUCT_NAME = "$(TARGET_NAME)";
				TEST_HOST = "$(BUILT_PRODUCTS_DIR)/AXABeaconSDK.app/AXABeaconSDK";
			};
			name = Debug;
		};
		E97B3D881D76B4A50016AAF3 /* Release */ = {
			isa = XCBuildConfiguration;
			buildSettings = {
				BUNDLE_LOADER = "$(TEST_HOST)";
				INFOPLIST_FILE = AXABeaconSDKTests/Info.plist;
				LD_RUNPATH_SEARCH_PATHS = "$(inherited) @executable_path/Frameworks @loader_path/Frameworks";
				PRODUCT_BUNDLE_IDENTIFIER = com.axaet.AXABeaconSDKTests;
				PRODUCT_NAME = "$(TARGET_NAME)";
				TEST_HOST = "$(BUILT_PRODUCTS_DIR)/AXABeaconSDK.app/AXABeaconSDK";
			};
			name = Release;
		};
/* End XCBuildConfiguration section */

/* Begin XCConfigurationList section */
		E97B3D5C1D76B4A50016AAF3 /* Build configuration list for PBXProject "AXABeaconSDK" */ = {
			isa = XCConfigurationList;
			buildConfigurations = (
				E97B3D811D76B4A50016AAF3 /* Debug */,
				E97B3D821D76B4A50016AAF3 /* Release */,
			);
			defaultConfigurationIsVisible = 0;
			defaultConfigurationName = Release;
		};
		E97B3D831D76B4A50016AAF3 /* Build configuration list for PBXNativeTarget "AXABeaconSDK" */ = {
			isa = XCConfigurationList;
			buildConfigurations = (
				E97B3D841D76B4A50016AAF3 /* Debug */,
				E97B3D851D76B4A50016AAF3 /* Release */,
			);
			defaultConfigurationIsVisible = 0;
			defaultConfigurationName = Release;
		};
		E97B3D861D76B4A50016AAF3 /* Build configuration list for PBXNativeTarget "AXABeaconSDKTests" */ = {
			isa = XCConfigurationList;
			buildConfigurations = (
				E97B3D871D76B4A50016AAF3 /* Debug */,
				E97B3D881D76B4A50016AAF3 /* Release */,
			);
			defaultConfigurationIsVisible = 0;
			defaultConfigurationName = Release;
		};
/* End XCConfigurationList section */
	};
	rootObject = E97B3D591D76B4A50016AAF3 /* Project object */;
}
